// !$*UTF8*$!
{
	archiveVersion = 1;
	classes = {
	};
	objectVersion = 46;
	objects = {

/* Begin PBXAggregateTarget section */
		B66CEE0412EAD100007785C6 /* Distribution */ = {
			isa = PBXAggregateTarget;
			buildConfigurationList = B66CEE0D12EAD11B007785C6 /* Build configuration list for PBXAggregateTarget "Distribution" */;
			buildPhases = (
				B66CEE0312EAD100007785C6 /* ShellScript */,
			);
			dependencies = (
				B66CEE0812EAD109007785C6 /* PBXTargetDependency */,
			);
			name = Distribution;
			productName = Distribution;
		};
/* End PBXAggregateTarget section */

/* Begin PBXBuildFile section */
		8D11072F0486CEB800E47090 /* Cocoa.framework in Frameworks */ = {isa = PBXBuildFile; fileRef = 1058C7A1FEA54F0111CA2CBB /* Cocoa.framework */; };
		B6081CF912E7F84D003D220F /* eraser.png in Resources */ = {isa = PBXBuildFile; fileRef = B6081CF812E7F84D003D220F /* eraser.png */; };
		B66CED5412EABC21007785C6 /* balloon.png in Resources */ = {isa = PBXBuildFile; fileRef = B66CED5312EABC21007785C6 /* balloon.png */; };
		B66CEDE512EACEE0007785C6 /* Sparkle.framework in Frameworks */ = {isa = PBXBuildFile; fileRef = B66CEDE412EACEE0007785C6 /* Sparkle.framework */; };
		B66CEDF212EACF07007785C6 /* Sparkle.framework in Copy Sparkle framework */ = {isa = PBXBuildFile; fileRef = B66CEDE412EACEE0007785C6 /* Sparkle.framework */; };
		B66CEDF512EAD027007785C6 /* dsa_pub.pem in Resources */ = {isa = PBXBuildFile; fileRef = B66CEDF412EAD027007785C6 /* dsa_pub.pem */; };
		B66CEEDD12EBF5E9007785C6 /* Defaults.plist in Resources */ = {isa = PBXBuildFile; fileRef = B66CEEDC12EBF5E9007785C6 /* Defaults.plist */; };
		B66CF01F12ECA1D8007785C6 /* License.txt in Resources */ = {isa = PBXBuildFile; fileRef = B66CF01E12ECA1D8007785C6 /* License.txt */; };
		B66CF1D612F3AE41007785C6 /* Acetate.help in Resources */ = {isa = PBXBuildFile; fileRef = B66CF1C512F3AE41007785C6 /* Acetate.help */; };
		B69A50FE12E25D120016BC3B /* Acetate-icon.icns in Resources */ = {isa = PBXBuildFile; fileRef = B69A50FD12E25D120016BC3B /* Acetate-icon.icns */; };
		B6A2C09712E6A090006B1E22 /* pencil.png in Resources */ = {isa = PBXBuildFile; fileRef = B6A2C09612E6A090006B1E22 /* pencil.png */; };
		B6A2C09912E6A0DD006B1E22 /* pushpin.png in Resources */ = {isa = PBXBuildFile; fileRef = B6A2C09812E6A0DD006B1E22 /* pushpin.png */; };
		B6A2C09B12E6A261006B1E22 /* point.png in Resources */ = {isa = PBXBuildFile; fileRef = B6A2C09A12E6A261006B1E22 /* point.png */; };
		B6E2ECC612E0283B00A66A31 /* Controller.m in Sources */ = {isa = PBXBuildFile; fileRef = B6E2ECC112E0283B00A66A31 /* Controller.m */; };
		B6E2ECC712E0283B00A66A31 /* CustomView.m in Sources */ = {isa = PBXBuildFile; fileRef = B6E2ECC312E0283B00A66A31 /* CustomView.m */; };
		B6E2ECC812E0283B00A66A31 /* MainWindow.m in Sources */ = {isa = PBXBuildFile; fileRef = B6E2ECC512E0283B00A66A31 /* MainWindow.m */; };
		B6E2ECD812E028BA00A66A31 /* main.m in Sources */ = {isa = PBXBuildFile; fileRef = B6E2ECD612E028BA00A66A31 /* main.m */; };
		B6E2ECF712E02AE300A66A31 /* MainMenu.xib in Resources */ = {isa = PBXBuildFile; fileRef = B6E2ECF512E02AE300A66A31 /* MainMenu.xib */; };
/* End PBXBuildFile section */

/* Begin PBXContainerItemProxy section */
		B66CEE0712EAD109007785C6 /* PBXContainerItemProxy */ = {
			isa = PBXContainerItemProxy;
			containerPortal = 29B97313FDCFA39411CA2CEA /* Project object */;
			proxyType = 1;
			remoteGlobalIDString = 8D1107260486CEB800E47090;
			remoteInfo = Acetate;
		};
/* End PBXContainerItemProxy section */

/* Begin PBXCopyFilesBuildPhase section */
		B66CEDF012EACEF3007785C6 /* Copy Sparkle framework */ = {
			isa = PBXCopyFilesBuildPhase;
			buildActionMask = 2147483647;
			dstPath = "";
			dstSubfolderSpec = 10;
			files = (
				B66CEDF212EACF07007785C6 /* Sparkle.framework in Copy Sparkle framework */,
			);
			name = "Copy Sparkle framework";
			runOnlyForDeploymentPostprocessing = 0;
		};
/* End PBXCopyFilesBuildPhase section */

/* Begin PBXFileReference section */
		1058C7A1FEA54F0111CA2CBB /* Cocoa.framework */ = {isa = PBXFileReference; lastKnownFileType = wrapper.framework; name = Cocoa.framework; path = /System/Library/Frameworks/Cocoa.framework; sourceTree = "<absolute>"; };
		13E42FB307B3F0F600E4EEF1 /* CoreData.framework */ = {isa = PBXFileReference; lastKnownFileType = wrapper.framework; name = CoreData.framework; path = /System/Library/Frameworks/CoreData.framework; sourceTree = "<absolute>"; };
		29B97324FDCFA39411CA2CEA /* AppKit.framework */ = {isa = PBXFileReference; lastKnownFileType = wrapper.framework; name = AppKit.framework; path = /System/Library/Frameworks/AppKit.framework; sourceTree = "<absolute>"; };
		29B97325FDCFA39411CA2CEA /* Foundation.framework */ = {isa = PBXFileReference; lastKnownFileType = wrapper.framework; name = Foundation.framework; path = /System/Library/Frameworks/Foundation.framework; sourceTree = "<absolute>"; };
		8D1107320486CEB800E47090 /* Acetate.app */ = {isa = PBXFileReference; explicitFileType = wrapper.application; includeInIndex = 0; path = Acetate.app; sourceTree = BUILT_PRODUCTS_DIR; };
		B6081CF812E7F84D003D220F /* eraser.png */ = {isa = PBXFileReference; lastKnownFileType = image.png; path = eraser.png; sourceTree = "<group>"; };
		B66CED5312EABC21007785C6 /* balloon.png */ = {isa = PBXFileReference; lastKnownFileType = image.png; path = balloon.png; sourceTree = "<group>"; };
		B66CEDE412EACEE0007785C6 /* Sparkle.framework */ = {isa = PBXFileReference; lastKnownFileType = wrapper.framework; path = Sparkle.framework; sourceTree = "<group>"; };
		B66CEDF412EAD027007785C6 /* dsa_pub.pem */ = {isa = PBXFileReference; fileEncoding = 4; lastKnownFileType = text; path = dsa_pub.pem; sourceTree = "<group>"; };
		B66CEEDC12EBF5E9007785C6 /* Defaults.plist */ = {isa = PBXFileReference; fileEncoding = 4; lastKnownFileType = text.plist.xml; path = Defaults.plist; sourceTree = "<group>"; };
		B66CF01E12ECA1D8007785C6 /* License.txt */ = {isa = PBXFileReference; fileEncoding = 4; lastKnownFileType = text; path = License.txt; sourceTree = "<group>"; };
		B66CF1C512F3AE41007785C6 /* Acetate.help */ = {isa = PBXFileReference; lastKnownFileType = folder; path = Acetate.help; sourceTree = "<group>"; };
		B69A50FD12E25D120016BC3B /* Acetate-icon.icns */ = {isa = PBXFileReference; lastKnownFileType = image.icns; path = "Acetate-icon.icns"; sourceTree = "<group>"; };
		B6A2C09612E6A090006B1E22 /* pencil.png */ = {isa = PBXFileReference; lastKnownFileType = image.png; path = pencil.png; sourceTree = "<group>"; };
		B6A2C09812E6A0DD006B1E22 /* pushpin.png */ = {isa = PBXFileReference; lastKnownFileType = image.png; path = pushpin.png; sourceTree = "<group>"; };
		B6A2C09A12E6A261006B1E22 /* point.png */ = {isa = PBXFileReference; lastKnownFileType = image.png; path = point.png; sourceTree = "<group>"; };
		B6E2ECC012E0283B00A66A31 /* Controller.h */ = {isa = PBXFileReference; fileEncoding = 4; lastKnownFileType = sourcecode.c.h; path = Controller.h; sourceTree = "<group>"; };
		B6E2ECC112E0283B00A66A31 /* Controller.m */ = {isa = PBXFileReference; comments = "r23 -> 0.9.2b\n"; fileEncoding = 4; lastKnownFileType = sourcecode.c.objc; path = Controller.m; sourceTree = "<group>"; };
		B6E2ECC212E0283B00A66A31 /* CustomView.h */ = {isa = PBXFileReference; fileEncoding = 4; lastKnownFileType = sourcecode.c.h; path = CustomView.h; sourceTree = "<group>"; };
		B6E2ECC312E0283B00A66A31 /* CustomView.m */ = {isa = PBXFileReference; fileEncoding = 4; lastKnownFileType = sourcecode.c.objc; path = CustomView.m; sourceTree = "<group>"; };
		B6E2ECC412E0283B00A66A31 /* MainWindow.h */ = {isa = PBXFileReference; fileEncoding = 4; lastKnownFileType = sourcecode.c.h; path = MainWindow.h; sourceTree = "<group>"; };
		B6E2ECC512E0283B00A66A31 /* MainWindow.m */ = {isa = PBXFileReference; fileEncoding = 4; lastKnownFileType = sourcecode.c.objc; path = MainWindow.m; sourceTree = "<group>"; };
		B6E2ECCE12E0287500A66A31 /* Acetate-Info.plist */ = {isa = PBXFileReference; fileEncoding = 4; lastKnownFileType = text.plist.xml; path = "Acetate-Info.plist"; sourceTree = "<group>"; };
		B6E2ECD612E028BA00A66A31 /* main.m */ = {isa = PBXFileReference; fileEncoding = 4; lastKnownFileType = sourcecode.c.objc; path = main.m; sourceTree = "<group>"; };
		B6E2ECD712E028BA00A66A31 /* Acetate_Prefix.pch */ = {isa = PBXFileReference; fileEncoding = 4; lastKnownFileType = sourcecode.c.h; path = Acetate_Prefix.pch; sourceTree = "<group>"; };
		B6E2ECF612E02AE300A66A31 /* English */ = {isa = PBXFileReference; lastKnownFileType = file.xib; name = English; path = English.lproj/MainMenu.xib; sourceTree = "<group>"; };
/* End PBXFileReference section */

/* Begin PBXFrameworksBuildPhase section */
		8D11072E0486CEB800E47090 /* Frameworks */ = {
			isa = PBXFrameworksBuildPhase;
			buildActionMask = 2147483647;
			files = (
				8D11072F0486CEB800E47090 /* Cocoa.framework in Frameworks */,
				B66CEDE512EACEE0007785C6 /* Sparkle.framework in Frameworks */,
			);
			runOnlyForDeploymentPostprocessing = 0;
		};
/* End PBXFrameworksBuildPhase section */

/* Begin PBXGroup section */
		080E96DDFE201D6D7F000001 /* Classes */ = {
			isa = PBXGroup;
			children = (
				B6E2ECC012E0283B00A66A31 /* Controller.h */,
				B6E2ECC112E0283B00A66A31 /* Controller.m */,
				B6E2ECC212E0283B00A66A31 /* CustomView.h */,
				B6E2ECC312E0283B00A66A31 /* CustomView.m */,
				B6E2ECC412E0283B00A66A31 /* MainWindow.h */,
				B6E2ECC512E0283B00A66A31 /* MainWindow.m */,
			);
			name = Classes;
			sourceTree = "<group>";
		};
		1058C7A0FEA54F0111CA2CBB /* Linked Frameworks */ = {
			isa = PBXGroup;
			children = (
				B66CEDE412EACEE0007785C6 /* Sparkle.framework */,
				1058C7A1FEA54F0111CA2CBB /* Cocoa.framework */,
			);
			name = "Linked Frameworks";
			sourceTree = "<group>";
		};
		1058C7A2FEA54F0111CA2CBB /* Other Frameworks */ = {
			isa = PBXGroup;
			children = (
				29B97324FDCFA39411CA2CEA /* AppKit.framework */,
				13E42FB307B3F0F600E4EEF1 /* CoreData.framework */,
				29B97325FDCFA39411CA2CEA /* Foundation.framework */,
			);
			name = "Other Frameworks";
			sourceTree = "<group>";
		};
		19C28FACFE9D520D11CA2CBB /* Products */ = {
			isa = PBXGroup;
			children = (
				8D1107320486CEB800E47090 /* Acetate.app */,
			);
			name = Products;
			sourceTree = "<group>";
		};
		29B97314FDCFA39411CA2CEA /* Acetate */ = {
			isa = PBXGroup;
			children = (
				080E96DDFE201D6D7F000001 /* Classes */,
				29B97315FDCFA39411CA2CEA /* Other Sources */,
				29B97317FDCFA39411CA2CEA /* Resources */,
				29B97323FDCFA39411CA2CEA /* Frameworks */,
				19C28FACFE9D520D11CA2CBB /* Products */,
			);
			name = Acetate;
			sourceTree = "<group>";
		};
		29B97315FDCFA39411CA2CEA /* Other Sources */ = {
			isa = PBXGroup;
			children = (
				B6E2ECD612E028BA00A66A31 /* main.m */,
				B6E2ECD712E028BA00A66A31 /* Acetate_Prefix.pch */,
			);
			name = "Other Sources";
			sourceTree = "<group>";
		};
		29B97317FDCFA39411CA2CEA /* Resources */ = {
			isa = PBXGroup;
			children = (
				B66CF1C512F3AE41007785C6 /* Acetate.help */,
				B66CF01E12ECA1D8007785C6 /* License.txt */,
				B66CEDF412EAD027007785C6 /* dsa_pub.pem */,
				B6A2C0AF12E6A8F9006B1E22 /* Images */,
				B6E2ECF512E02AE300A66A31 /* MainMenu.xib */,
				B6E2ECCE12E0287500A66A31 /* Acetate-Info.plist */,
				B66CEEDC12EBF5E9007785C6 /* Defaults.plist */,
			);
			name = Resources;
			sourceTree = "<group>";
		};
		29B97323FDCFA39411CA2CEA /* Frameworks */ = {
			isa = PBXGroup;
			children = (
				1058C7A0FEA54F0111CA2CBB /* Linked Frameworks */,
				1058C7A2FEA54F0111CA2CBB /* Other Frameworks */,
			);
			name = Frameworks;
			sourceTree = "<group>";
		};
		B6A2C0AF12E6A8F9006B1E22 /* Images */ = {
			isa = PBXGroup;
			children = (
				B66CED5312EABC21007785C6 /* balloon.png */,
				B6081CF812E7F84D003D220F /* eraser.png */,
				B69A50FD12E25D120016BC3B /* Acetate-icon.icns */,
				B6A2C09A12E6A261006B1E22 /* point.png */,
				B6A2C09812E6A0DD006B1E22 /* pushpin.png */,
				B6A2C09612E6A090006B1E22 /* pencil.png */,
			);
			name = Images;
			sourceTree = "<group>";
		};
/* End PBXGroup section */

/* Begin PBXNativeTarget section */
		8D1107260486CEB800E47090 /* Acetate */ = {
			isa = PBXNativeTarget;
			buildConfigurationList = C01FCF4A08A954540054247B /* Build configuration list for PBXNativeTarget "Acetate" */;
			buildPhases = (
				B66CEDF012EACEF3007785C6 /* Copy Sparkle framework */,
				8D1107290486CEB800E47090 /* Resources */,
				8D11072C0486CEB800E47090 /* Sources */,
				8D11072E0486CEB800E47090 /* Frameworks */,
				B6A2BF2C12E3C4E5006B1E22 /* Update Build Number */,
			);
			buildRules = (
			);
			dependencies = (
			);
			name = Acetate;
			productInstallPath = "$(HOME)/Applications";
			productName = Acetate;
			productReference = 8D1107320486CEB800E47090 /* Acetate.app */;
			productType = "com.apple.product-type.application";
		};
/* End PBXNativeTarget section */

/* Begin PBXProject section */
		29B97313FDCFA39411CA2CEA /* Project object */ = {
			isa = PBXProject;
			buildConfigurationList = C01FCF4E08A954540054247B /* Build configuration list for PBXProject "Acetate" */;
			compatibilityVersion = "Xcode 3.2";
			developmentRegion = English;
			hasScannedForEncodings = 1;
			knownRegions = (
				English,
				Japanese,
				French,
				German,
				en,
			);
			mainGroup = 29B97314FDCFA39411CA2CEA /* Acetate */;
			projectDirPath = "";
			projectRoot = "";
			targets = (
				8D1107260486CEB800E47090 /* Acetate */,
				B66CEE0412EAD100007785C6 /* Distribution */,
			);
		};
/* End PBXProject section */

/* Begin PBXResourcesBuildPhase section */
		8D1107290486CEB800E47090 /* Resources */ = {
			isa = PBXResourcesBuildPhase;
			buildActionMask = 2147483647;
			files = (
				B6E2ECF712E02AE300A66A31 /* MainMenu.xib in Resources */,
				B69A50FE12E25D120016BC3B /* Acetate-icon.icns in Resources */,
				B6A2C09712E6A090006B1E22 /* pencil.png in Resources */,
				B6A2C09912E6A0DD006B1E22 /* pushpin.png in Resources */,
				B6A2C09B12E6A261006B1E22 /* point.png in Resources */,
				B6081CF912E7F84D003D220F /* eraser.png in Resources */,
				B66CED5412EABC21007785C6 /* balloon.png in Resources */,
				B66CEDF512EAD027007785C6 /* dsa_pub.pem in Resources */,
				B66CEEDD12EBF5E9007785C6 /* Defaults.plist in Resources */,
				B66CF01F12ECA1D8007785C6 /* License.txt in Resources */,
				B66CF1D612F3AE41007785C6 /* Acetate.help in Resources */,
			);
			runOnlyForDeploymentPostprocessing = 0;
		};
/* End PBXResourcesBuildPhase section */

/* Begin PBXShellScriptBuildPhase section */
		B66CEE0312EAD100007785C6 /* ShellScript */ = {
			isa = PBXShellScriptBuildPhase;
			buildActionMask = 12;
			files = (
			);
			inputPaths = (
			);
			outputPaths = (
			);
			runOnlyForDeploymentPostprocessing = 0;
			shellPath = /bin/bash;
			shellScript = "#!/bin/bash\n\nset -o errexit\n\n[ $BUILD_STYLE = Release ] || { echo Distribution target requires \"'Release'\" build style; false; }\n\n#PROJECT_DIR=\"/Users/dominic/Projects/Coding/Acetate\"\n#BUILT_PRODUCTS_DIR=\"$PROJECT_DIR/build/$BUILD_STYLE\"\n#PROJECT_NAME=\"Acetate\"\n\nVERSION=$(defaults read \"$BUILT_PRODUCTS_DIR/$PROJECT_NAME.app/Contents/Info\" CFBundleVersion)\nVERSION_STRING=$(defaults read \"$BUILT_PRODUCTS_DIR/$PROJECT_NAME.app/Contents/Info\" CFBundleShortVersionString)\nDOWNLOAD_BASE_URL=\"http://stripysock.com/download\"\nRELEASENOTES_URL=\"http://stripysock.com/products/#acetate-release-notes-version-$VERSION\"\n\necho \"$PROJECT_NAME built at version $VERSION $VERSION_STRING\" \n\nARCHIVE_FILENAME=\"$PROJECT_NAME $VERSION_STRING.zip\"\nDOWNLOAD_URL=\"$DOWNLOAD_BASE_URL/$ARCHIVE_FILENAME\"\nKEYCHAIN_PRIVKEY_NAME=\"$PROJECT_DIR/dsa_priv.pem\"\n\necho \"Archive $ARCHIVE_FILENAME will be available at $DOWNLOAD_URL\"\necho \"Signing with private key file $KEYCHAIN_PRIVKEY_NAME\"\n\nWD=$PWD\ncd \"$BUILT_PRODUCTS_DIR\"\nrm -f \"$PROJECT_NAME\"*.zip\nditto -ck --keepParent \"$PROJECT_NAME.app\" \"$ARCHIVE_FILENAME\"\n\nSIZE=$(stat -f %z \"$ARCHIVE_FILENAME\")\nPUBDATE=$(LC_TIME=en_US date +\"%a, %d %b %G %T %z\")\nRUBY_SCRIPT=\"/Users/dominic/Projects/Coding/Sparkle 1.5b6/Extras/Signing Tools/sign_update.rb\"\n\nSIGNATURE=`/usr/bin/ruby \"$RUBY_SCRIPT\" \"$ARCHIVE_FILENAME\" $KEYCHAIN_PRIVKEY_NAME`\n\necho SIGNED WITH: \\'$SIGNATURE\\'\n\n[ $SIGNATURE ] || { echo Unable to load signing private key with name \"'$KEYCHAIN_PRIVKEY_NAME'\"; false; }\n\ncat <<EOF\n\t\t<item>\n\t\t\t<title>Version $VERSION</title>\n\t\t\t<sparkle:releaseNotesLink>$RELEASENOTES_URL</sparkle:releaseNotesLink>\n\t\t\t<sparkle:minimumSystemVersion>10.6</sparkle:minimumSystemVersion>\n\t\t\t<pubDate>$PUBDATE</pubDate>\n\t\t\t<enclosure\n\t\t\t\turl=\"$DOWNLOAD_URL\"\n\t\t\t\tsparkle:version=\"$VERSION\"\n\t\t\t\tsparkle:shortVersionString=\"$VERSION_STRING\"\n\t\t\t\ttype=\"application/octet-stream\"\n\t\t\t\tlength=\"$SIZE\"\n\t\t\t\tsparkle:dsaSignature=\"$SIGNATURE\"\n\t\t\t/>\n\t\t</item>\nEOF\n\necho scp \"'$HOME/Projects/Coding/Acetate/build/Release/$ARCHIVE_FILENAME'\" stripysock.com:stripysock.com/download\necho scp \"'$WD/appcast.xml'\" stripysock.com:stripysock.com/acetate-appcast.xml\n";
		};
		B6A2BF2C12E3C4E5006B1E22 /* Update Build Number */ = {
			isa = PBXShellScriptBuildPhase;
			buildActionMask = 2147483647;
			files = (
			);
			inputPaths = (
			);
			name = "Update Build Number";
			outputPaths = (
			);
			runOnlyForDeploymentPostprocessing = 0;
			shellPath = /bin/bash;
			shellScript = "# Auto Increment Version Script\n\nbuildPlist=${INFOPLIST_FILE}\n\nCFBundleVersion=$(/usr/libexec/PlistBuddy -c \"Print CFBundleVersion\" $buildPlist)\nCFBundleVersion=$(($CFBundleVersion + 1))\nCFBuildDate=$(date)\n\n/usr/libexec/PlistBuddy -c \"Set :CFBundleVersion $CFBundleVersion\" $buildPlist\n/usr/libexec/PlistBuddy -c \"Set :CFBuildDate $CFBuildDate\" $buildPlist";
		};
/* End PBXShellScriptBuildPhase section */

/* Begin PBXSourcesBuildPhase section */
		8D11072C0486CEB800E47090 /* Sources */ = {
			isa = PBXSourcesBuildPhase;
			buildActionMask = 2147483647;
			files = (
				B6E2ECC612E0283B00A66A31 /* Controller.m in Sources */,
				B6E2ECC712E0283B00A66A31 /* CustomView.m in Sources */,
				B6E2ECC812E0283B00A66A31 /* MainWindow.m in Sources */,
				B6E2ECD812E028BA00A66A31 /* main.m in Sources */,
			);
			runOnlyForDeploymentPostprocessing = 0;
		};
/* End PBXSourcesBuildPhase section */

/* Begin PBXTargetDependency section */
		B66CEE0812EAD109007785C6 /* PBXTargetDependency */ = {
			isa = PBXTargetDependency;
			target = 8D1107260486CEB800E47090 /* Acetate */;
			targetProxy = B66CEE0712EAD109007785C6 /* PBXContainerItemProxy */;
		};
/* End PBXTargetDependency section */

/* Begin PBXVariantGroup section */
		B6E2ECF512E02AE300A66A31 /* MainMenu.xib */ = {
			isa = PBXVariantGroup;
			children = (
				B6E2ECF612E02AE300A66A31 /* English */,
			);
			name = MainMenu.xib;
			sourceTree = "<group>";
		};
/* End PBXVariantGroup section */

/* Begin XCBuildConfiguration section */
		B66CEE0512EAD100007785C6 /* Debug */ = {
			isa = XCBuildConfiguration;
			buildSettings = {
				COPY_PHASE_STRIP = NO;
				GCC_DYNAMIC_NO_PIC = NO;
				GCC_OPTIMIZATION_LEVEL = 0;
				PRODUCT_NAME = Distribution;
			};
			name = Debug;
		};
		B66CEE0612EAD100007785C6 /* Release */ = {
			isa = XCBuildConfiguration;
			buildSettings = {
				COPY_PHASE_STRIP = YES;
				DEBUG_INFORMATION_FORMAT = "dwarf-with-dsym";
				GCC_ENABLE_FIX_AND_CONTINUE = NO;
				PRODUCT_NAME = Distribution;
				ZERO_LINK = NO;
			};
			name = Release;
		};
		C01FCF4B08A954540054247B /* Debug */ = {
			isa = XCBuildConfiguration;
			buildSettings = {
				ALWAYS_SEARCH_USER_PATHS = NO;
				COPY_PHASE_STRIP = NO;
				FRAMEWORK_SEARCH_PATHS = (
					"$(inherited)",
					"\"$(SRCROOT)\"",
				);
				GCC_DYNAMIC_NO_PIC = NO;
				GCC_ENABLE_CPP_EXCEPTIONS = NO;
				GCC_ENABLE_CPP_RTTI = NO;
				GCC_ENABLE_FIX_AND_CONTINUE = YES;
				GCC_MODEL_TUNING = G5;
				GCC_OPTIMIZATION_LEVEL = 0;
				GCC_PRECOMPILE_PREFIX_HEADER = YES;
				GCC_PREFIX_HEADER = Acetate_Prefix.pch;
				GCC_TREAT_WARNINGS_AS_ERRORS = YES;
				GCC_WARN_HIDDEN_VIRTUAL_FUNCTIONS = YES;
				GCC_WARN_NON_VIRTUAL_DESTRUCTOR = YES;
				GCC_WARN_PEDANTIC = NO;
				GCC_WARN_SHADOW = YES;
				GCC_WARN_SIGN_COMPARE = YES;
				INFOPLIST_FILE = "Acetate-Info.plist";
				INSTALL_PATH = "$(HOME)/Applications";
				PRODUCT_NAME = Acetate;
				SDKROOT = macosx10.6;
			};
			name = Debug;
		};
		C01FCF4C08A954540054247B /* Release */ = {
			isa = XCBuildConfiguration;
			buildSettings = {
				ALWAYS_SEARCH_USER_PATHS = NO;
				DEBUG_INFORMATION_FORMAT = "dwarf-with-dsym";
				FRAMEWORK_SEARCH_PATHS = (
					"$(inherited)",
					"\"$(SRCROOT)\"",
				);
				GCC_ALTIVEC_EXTENSIONS = NO;
				GCC_AUTO_VECTORIZATION = YES;
				GCC_ENABLE_CPP_EXCEPTIONS = NO;
				GCC_ENABLE_CPP_RTTI = NO;
				GCC_MODEL_TUNING = G5;
				GCC_PRECOMPILE_PREFIX_HEADER = YES;
				GCC_PREFIX_HEADER = Acetate_Prefix.pch;
				GCC_TREAT_WARNINGS_AS_ERRORS = YES;
				GCC_WARN_HIDDEN_VIRTUAL_FUNCTIONS = YES;
				GCC_WARN_NON_VIRTUAL_DESTRUCTOR = YES;
				GCC_WARN_SHADOW = YES;
				GCC_WARN_SIGN_COMPARE = YES;
				GCC_WARN_UNINITIALIZED_AUTOS = YES;
				INFOPLIST_FILE = "Acetate-Info.plist";
				INSTALL_PATH = "$(HOME)/Applications";
				PRODUCT_NAME = Acetate;
				SDKROOT = macosx10.6;
			};
			name = Release;
		};
		C01FCF4F08A954540054247B /* Debug */ = {
			isa = XCBuildConfiguration;
			buildSettings = {
				ARCHS = "$(ARCHS_STANDARD_32_64_BIT)";
				COPY_PHASE_STRIP = YES;
				DEAD_CODE_STRIPPING = NO;
				GCC_C_LANGUAGE_STANDARD = gnu99;
				GCC_GENERATE_DEBUGGING_SYMBOLS = YES;
				GCC_OPTIMIZATION_LEVEL = 0;
				GCC_PREPROCESSOR_DEFINITIONS = "DEBUG=1";
				GCC_WARN_ABOUT_RETURN_TYPE = YES;
				GCC_WARN_CHECK_SWITCH_STATEMENTS = YES;
				GCC_WARN_UNUSED_VARIABLE = YES;
				ONLY_ACTIVE_ARCH = YES;
				PREBINDING = NO;
				SDKROOT = macosx10.6;
			};
			name = Debug;
		};
		C01FCF5008A954540054247B /* Release */ = {
			isa = XCBuildConfiguration;
			buildSettings = {
				ARCHS = "$(ARCHS_STANDARD_32_64_BIT)";
				DEAD_CODE_STRIPPING = YES;
				GCC_C_LANGUAGE_STANDARD = gnu99;
				GCC_GENERATE_DEBUGGING_SYMBOLS = NO;
				GCC_WARN_ABOUT_RETURN_TYPE = YES;
				GCC_WARN_CHECK_SWITCH_STATEMENTS = YES;
				GCC_WARN_UNUSED_VARIABLE = YES;
				PREBINDING = NO;
				SDKROOT = macosx10.6;
			};
			name = Release;
		};
/* End XCBuildConfiguration section */

/* Begin XCConfigurationList section */
		B66CEE0D12EAD11B007785C6 /* Build configuration list for PBXAggregateTarget "Distribution" */ = {
			isa = XCConfigurationList;
			buildConfigurations = (
				B66CEE0512EAD100007785C6 /* Debug */,
				B66CEE0612EAD100007785C6 /* Release */,
			);
			defaultConfigurationIsVisible = 0;
			defaultConfigurationName = Release;
		};
		C01FCF4A08A954540054247B /* Build configuration list for PBXNativeTarget "Acetate" */ = {
			isa = XCConfigurationList;
			buildConfigurations = (
				C01FCF4B08A954540054247B /* Debug */,
				C01FCF4C08A954540054247B /* Release */,
			);
			defaultConfigurationIsVisible = 0;
			defaultConfigurationName = Release;
		};
		C01FCF4E08A954540054247B /* Build configuration list for PBXProject "Acetate" */ = {
			isa = XCConfigurationList;
			buildConfigurations = (
				C01FCF4F08A954540054247B /* Debug */,
				C01FCF5008A954540054247B /* Release */,
			);
			defaultConfigurationIsVisible = 0;
			defaultConfigurationName = Release;
		};
/* End XCConfigurationList section */
	};
	rootObject = 29B97313FDCFA39411CA2CEA /* Project object */;
}
